
Microsoft Visual Studio Solution File, Format Version 12.00
# Visual Studio 14
VisualStudioVersion = 14.0.25420.1
MinimumVisualStudioVersion = 10.0.40219.1
Project("{FAE04EC0-301F-11D3-BF4B-00C04F79EFBC}") = "WebApiCheck", "WebApiCheck\WebApiCheck.csproj", "{F7E7C577-03CA-4B31-BECE-37A676F90919}"
EndProject
Project("{FAE04EC0-301F-11D3-BF4B-00C04F79EFBC}") = "WebAPICheck.Domain", "WebAPICheck.Domain\WebAPICheck.Domain.csproj", "{64866A18-7743-482C-8763-0453B89749C5}"
EndProject
Global
	GlobalSection(SolutionConfigurationPlatforms) = preSolution
		Debug|Any CPU = Debug|Any CPU
		Release|Any CPU = Release|Any CPU
	EndGlobalSection
	GlobalSection(ProjectConfigurationPlatforms) = postSolution
		{F7E7C577-03CA-4B31-BECE-37A676F90919}.Debug|Any CPU.ActiveCfg = Debug|Any CPU
		{F7E7C577-03CA-4B31-BECE-37A676F90919}.Debug|Any CPU.Build.0 = Debug|Any CPU
		{F7E7C577-03CA-4B31-BECE-37A676F90919}.Release|Any CPU.ActiveCfg = Release|Any CPU
		{F7E7C577-03CA-4B31-BECE-37A676F90919}.Release|Any CPU.Build.0 = Release|Any CPU
		{64866A18-7743-482C-8763-0453B89749C5}.Debug|Any CPU.ActiveCfg = Debug|Any CPU
		{64866A18-7743-482C-8763-0453B89749C5}.Debug|Any CPU.Build.0 = Debug|Any CPU
		{64866A18-7743-482C-8763-0453B89749C5}.Release|Any CPU.ActiveCfg = Release|Any CPU
		{64866A18-7743-482C-8763-0453B89749C5}.Release|Any CPU.Build.0 = Release|Any CPU
	EndGlobalSection
	GlobalSection(SolutionProperties) = preSolution
		HideSolutionNode = FALSE
	EndGlobalSection
EndGlobal
